
Microsoft Visual Studio Solution File, Format Version 12.00
# Visual Studio Version 17
VisualStudioVersion = 17.11.35312.102
MinimumVisualStudioVersion = 10.0.40219.1
Project("{FAE04EC0-301F-11D3-BF4B-00C04F79EFBC}") = "UmbracoCMS_SubmissionTask", "UmbracoCMS_SubmissionTask\UmbracoCMS_SubmissionTask.csproj", "{6840A6E1-6462-475C-92FF-1D30FD8DD55D}"
EndProject
Global
	GlobalSection(SolutionConfigurationPlatforms) = preSolution
		Debug|Any CPU = Debug|Any CPU
		Release|Any CPU = Release|Any CPU
	EndGlobalSection
	GlobalSection(ProjectConfigurationPlatforms) = postSolution
		{6840A6E1-6462-475C-92FF-1D30FD8DD55D}.Debug|Any CPU.ActiveCfg = Debug|Any CPU
		{6840A6E1-6462-475C-92FF-1D30FD8DD55D}.Debug|Any CPU.Build.0 = Debug|Any CPU
		{6840A6E1-6462-475C-92FF-1D30FD8DD55D}.Release|Any CPU.ActiveCfg = Release|Any CPU
		{6840A6E1-6462-475C-92FF-1D30FD8DD55D}.Release|Any CPU.Build.0 = Release|Any CPU
	EndGlobalSection
	GlobalSection(SolutionProperties) = preSolution
		HideSolutionNode = FALSE
	EndGlobalSection
	GlobalSection(ExtensibilityGlobals) = postSolution
		SolutionGuid = {F2EC6F10-955E-4680-9730-23D9860ADDD6}
	EndGlobalSection
EndGlobal
